
Microsoft Visual Studio Solution File, Format Version 12.00
# Visual Studio Version 16
VisualStudioVersion = 16.0.30320.27
MinimumVisualStudioVersion = 10.0.40219.1
Project("{FAE04EC0-301F-11D3-BF4B-00C04F79EFBC}") = "Celciusomregner", "Celciusomregner\Celciusomregner.csproj", "{58CA3612-5F4B-4082-8C15-99B7981463F9}"
EndProject
Global
	GlobalSection(SolutionConfigurationPlatforms) = preSolution
		Debug|Any CPU = Debug|Any CPU
		Release|Any CPU = Release|Any CPU
	EndGlobalSection
	GlobalSection(ProjectConfigurationPlatforms) = postSolution
		{58CA3612-5F4B-4082-8C15-99B7981463F9}.Debug|Any CPU.ActiveCfg = Debug|Any CPU
		{58CA3612-5F4B-4082-8C15-99B7981463F9}.Debug|Any CPU.Build.0 = Debug|Any CPU
		{58CA3612-5F4B-4082-8C15-99B7981463F9}.Release|Any CPU.ActiveCfg = Release|Any CPU
		{58CA3612-5F4B-4082-8C15-99B7981463F9}.Release|Any CPU.Build.0 = Release|Any CPU
	EndGlobalSection
	GlobalSection(SolutionProperties) = preSolution
		HideSolutionNode = FALSE
	EndGlobalSection
	GlobalSection(ExtensibilityGlobals) = postSolution
		SolutionGuid = {78A2BE62-26B4-482A-A676-280D055B4DCB}
	EndGlobalSection
EndGlobal
